
Microsoft Visual Studio Solution File, Format Version 12.00
# Visual Studio Version 16
VisualStudioVersion = 16.0.30204.135
MinimumVisualStudioVersion = 10.0.40219.1
Project("{8BC9CEB8-8B4A-11D0-8D11-00A0C91BC942}") = "InterestCalcChallenge", "InterestCalcChallenge\InterestCalcChallenge.vcxproj", "{B2254162-659F-421B-93AF-E300CE956D84}"
EndProject
Project("{8BC9CEB8-8B4A-11D0-8D11-00A0C91BC942}") = "HelloWorld", "HelloWorld\HelloWorld.vcxproj", "{A03E8FEB-1F60-4736-B697-1E395B6ED405}"
EndProject
Project("{8BC9CEB8-8B4A-11D0-8D11-00A0C91BC942}") = "Assignment", "Assignment\Assignment.vcxproj", "{097A6543-84AF-4B32-B6A3-5BF9FEF32396}"
EndProject
Project("{8BC9CEB8-8B4A-11D0-8D11-00A0C91BC942}") = "VariableScope", "VariableScope\VariableScope.vcxproj", "{709A22BA-8174-4DEA-B15E-2B6F59E1FD76}"
EndProject
Project("{8BC9CEB8-8B4A-11D0-8D11-00A0C91BC942}") = "ReadWriteData", "ReadWriteData\ReadWriteData.vcxproj", "{38502744-3381-4AB2-AF91-1265AF9438E8}"
EndProject
Project("{8BC9CEB8-8B4A-11D0-8D11-00A0C91BC942}") = "Conversion", "Conversion\Conversion.vcxproj", "{0C0F40AE-DE09-451B-8C66-72EF93F4CEB6}"
EndProject
Project("{8BC9CEB8-8B4A-11D0-8D11-00A0C91BC942}") = "OutFormatting", "OutFormatting\OutFormatting.vcxproj", "{C73D0A76-65B0-4729-A5D8-B0C665E64688}"
EndProject
Project("{8BC9CEB8-8B4A-11D0-8D11-00A0C91BC942}") = "RealEstateChallenge", "RealEstateChallenge\RealEstateChallenge.vcxproj", "{0DD84A5D-C0D1-4B34-8B0E-A83C4B1192B3}"
EndProject
Project("{8BC9CEB8-8B4A-11D0-8D11-00A0C91BC942}") = "Comparison", "Comparison\Comparison.vcxproj", "{3B496CBA-576B-4177-AA86-BDEC53B3C8CC}"
EndProject
Project("{8BC9CEB8-8B4A-11D0-8D11-00A0C91BC942}") = "StringCompare", "StringCompare\StringCompare.vcxproj", "{0537A33C-38B3-44B2-B74C-83C680CD3C6E}"
EndProject
Project("{8BC9CEB8-8B4A-11D0-8D11-00A0C91BC942}") = "SwitchStatements", "SwitchStatements\SwitchStatements.vcxproj", "{6A3CE623-EB6F-4217-92A4-555D8ADE7CC3}"
EndProject
Project("{8BC9CEB8-8B4A-11D0-8D11-00A0C91BC942}") = "BankingChallenge", "BankingChallenge\BankingChallenge.vcxproj", "{C5305F9D-C20B-419B-BA96-BC74D2FF1B6E}"
EndProject
Global
	GlobalSection(SolutionConfigurationPlatforms) = preSolution
		Debug|x64 = Debug|x64
		Debug|x86 = Debug|x86
		Release|x64 = Release|x64
		Release|x86 = Release|x86
	EndGlobalSection
	GlobalSection(ProjectConfigurationPlatforms) = postSolution
		{B2254162-659F-421B-93AF-E300CE956D84}.Debug|x64.ActiveCfg = Debug|x64
		{B2254162-659F-421B-93AF-E300CE956D84}.Debug|x64.Build.0 = Debug|x64
		{B2254162-659F-421B-93AF-E300CE956D84}.Debug|x86.ActiveCfg = Debug|Win32
		{B2254162-659F-421B-93AF-E300CE956D84}.Debug|x86.Build.0 = Debug|Win32
		{B2254162-659F-421B-93AF-E300CE956D84}.Release|x64.ActiveCfg = Release|x64
		{B2254162-659F-421B-93AF-E300CE956D84}.Release|x64.Build.0 = Release|x64
		{B2254162-659F-421B-93AF-E300CE956D84}.Release|x86.ActiveCfg = Release|Win32
		{B2254162-659F-421B-93AF-E300CE956D84}.Release|x86.Build.0 = Release|Win32
		{A03E8FEB-1F60-4736-B697-1E395B6ED405}.Debug|x64.ActiveCfg = Debug|x64
		{A03E8FEB-1F60-4736-B697-1E395B6ED405}.Debug|x64.Build.0 = Debug|x64
		{A03E8FEB-1F60-4736-B697-1E395B6ED405}.Debug|x86.ActiveCfg = Debug|Win32
		{A03E8FEB-1F60-4736-B697-1E395B6ED405}.Debug|x86.Build.0 = Debug|Win32
		{A03E8FEB-1F60-4736-B697-1E395B6ED405}.Release|x64.ActiveCfg = Release|x64
		{A03E8FEB-1F60-4736-B697-1E395B6ED405}.Release|x64.Build.0 = Release|x64
		{A03E8FEB-1F60-4736-B697-1E395B6ED405}.Release|x86.ActiveCfg = Release|Win32
		{A03E8FEB-1F60-4736-B697-1E395B6ED405}.Release|x86.Build.0 = Release|Win32
		{097A6543-84AF-4B32-B6A3-5BF9FEF32396}.Debug|x64.ActiveCfg = Debug|x64
		{097A6543-84AF-4B32-B6A3-5BF9FEF32396}.Debug|x64.Build.0 = Debug|x64
		{097A6543-84AF-4B32-B6A3-5BF9FEF32396}.Debug|x86.ActiveCfg = Debug|Win32
		{097A6543-84AF-4B32-B6A3-5BF9FEF32396}.Debug|x86.Build.0 = Debug|Win32
		{097A6543-84AF-4B32-B6A3-5BF9FEF32396}.Release|x64.ActiveCfg = Release|x64
		{097A6543-84AF-4B32-B6A3-5BF9FEF32396}.Release|x64.Build.0 = Release|x64
		{097A6543-84AF-4B32-B6A3-5BF9FEF32396}.Release|x86.ActiveCfg = Release|Win32
		{097A6543-84AF-4B32-B6A3-5BF9FEF32396}.Release|x86.Build.0 = Release|Win32
		{709A22BA-8174-4DEA-B15E-2B6F59E1FD76}.Debug|x64.ActiveCfg = Debug|x64
		{709A22BA-8174-4DEA-B15E-2B6F59E1FD76}.Debug|x64.Build.0 = Debug|x64
		{709A22BA-8174-4DEA-B15E-2B6F59E1FD76}.Debug|x86.ActiveCfg = Debug|Win32
		{709A22BA-8174-4DEA-B15E-2B6F59E1FD76}.Debug|x86.Build.0 = Debug|Win32
		{709A22BA-8174-4DEA-B15E-2B6F59E1FD76}.Release|x64.ActiveCfg = Release|x64
		{709A22BA-8174-4DEA-B15E-2B6F59E1FD76}.Release|x64.Build.0 = Release|x64
		{709A22BA-8174-4DEA-B15E-2B6F59E1FD76}.Release|x86.ActiveCfg = Release|Win32
		{709A22BA-8174-4DEA-B15E-2B6F59E1FD76}.Release|x86.Build.0 = Release|Win32
		{38502744-3381-4AB2-AF91-1265AF9438E8}.Debug|x64.ActiveCfg = Debug|x64
		{38502744-3381-4AB2-AF91-1265AF9438E8}.Debug|x64.Build.0 = Debug|x64
		{38502744-3381-4AB2-AF91-1265AF9438E8}.Debug|x86.ActiveCfg = Debug|Win32
		{38502744-3381-4AB2-AF91-1265AF9438E8}.Debug|x86.Build.0 = Debug|Win32
		{38502744-3381-4AB2-AF91-1265AF9438E8}.Release|x64.ActiveCfg = Release|x64
		{38502744-3381-4AB2-AF91-1265AF9438E8}.Release|x64.Build.0 = Release|x64
		{38502744-3381-4AB2-AF91-1265AF9438E8}.Release|x86.ActiveCfg = Release|Win32
		{38502744-3381-4AB2-AF91-1265AF9438E8}.Release|x86.Build.0 = Release|Win32
		{0C0F40AE-DE09-451B-8C66-72EF93F4CEB6}.Debug|x64.ActiveCfg = Debug|x64
		{0C0F40AE-DE09-451B-8C66-72EF93F4CEB6}.Debug|x64.Build.0 = Debug|x64
		{0C0F40AE-DE09-451B-8C66-72EF93F4CEB6}.Debug|x86.ActiveCfg = Debug|Win32
		{0C0F40AE-DE09-451B-8C66-72EF93F4CEB6}.Debug|x86.Build.0 = Debug|Win32
		{0C0F40AE-DE09-451B-8C66-72EF93F4CEB6}.Release|x64.ActiveCfg = Release|x64
		{0C0F40AE-DE09-451B-8C66-72EF93F4CEB6}.Release|x64.Build.0 = Release|x64
		{0C0F40AE-DE09-451B-8C66-72EF93F4CEB6}.Release|x86.ActiveCfg = Release|Win32
		{0C0F40AE-DE09-451B-8C66-72EF93F4CEB6}.Release|x86.Build.0 = Release|Win32
		{C73D0A76-65B0-4729-A5D8-B0C665E64688}.Debug|x64.ActiveCfg = Debug|x64
		{C73D0A76-65B0-4729-A5D8-B0C665E64688}.Debug|x64.Build.0 = Debug|x64
		{C73D0A76-65B0-4729-A5D8-B0C665E64688}.Debug|x86.ActiveCfg = Debug|Win32
		{C73D0A76-65B0-4729-A5D8-B0C665E64688}.Debug|x86.Build.0 = Debug|Win32
		{C73D0A76-65B0-4729-A5D8-B0C665E64688}.Release|x64.ActiveCfg = Release|x64
		{C73D0A76-65B0-4729-A5D8-B0C665E64688}.Release|x64.Build.0 = Release|x64
		{C73D0A76-65B0-4729-A5D8-B0C665E64688}.Release|x86.ActiveCfg = Release|Win32
		{C73D0A76-65B0-4729-A5D8-B0C665E64688}.Release|x86.Build.0 = Release|Win32
		{0DD84A5D-C0D1-4B34-8B0E-A83C4B1192B3}.Debug|x64.ActiveCfg = Debug|x64
		{0DD84A5D-C0D1-4B34-8B0E-A83C4B1192B3}.Debug|x64.Build.0 = Debug|x64
		{0DD84A5D-C0D1-4B34-8B0E-A83C4B1192B3}.Debug|x86.ActiveCfg = Debug|Win32
		{0DD84A5D-C0D1-4B34-8B0E-A83C4B1192B3}.Debug|x86.Build.0 = Debug|Win32
		{0DD84A5D-C0D1-4B34-8B0E-A83C4B1192B3}.Release|x64.ActiveCfg = Release|x64
		{0DD84A5D-C0D1-4B34-8B0E-A83C4B1192B3}.Release|x64.Build.0 = Release|x64
		{0DD84A5D-C0D1-4B34-8B0E-A83C4B1192B3}.Release|x86.ActiveCfg = Release|Win32
		{0DD84A5D-C0D1-4B34-8B0E-A83C4B1192B3}.Release|x86.Build.0 = Release|Win32
		{3B496CBA-576B-4177-AA86-BDEC53B3C8CC}.Debug|x64.ActiveCfg = Debug|x64
		{3B496CBA-576B-4177-AA86-BDEC53B3C8CC}.Debug|x64.Build.0 = Debug|x64
		{3B496CBA-576B-4177-AA86-BDEC53B3C8CC}.Debug|x86.ActiveCfg = Debug|Win32
		{3B496CBA-576B-4177-AA86-BDEC53B3C8CC}.Debug|x86.Build.0 = Debug|Win32
		{3B496CBA-576B-4177-AA86-BDEC53B3C8CC}.Release|x64.ActiveCfg = Release|x64
		{3B496CBA-576B-4177-AA86-BDEC53B3C8CC}.Release|x64.Build.0 = Release|x64
		{3B496CBA-576B-4177-AA86-BDEC53B3C8CC}.Release|x86.ActiveCfg = Release|Win32
		{3B496CBA-576B-4177-AA86-BDEC53B3C8CC}.Release|x86.Build.0 = Release|Win32
		{0537A33C-38B3-44B2-B74C-83C680CD3C6E}.Debug|x64.ActiveCfg = Debug|x64
		{0537A33C-38B3-44B2-B74C-83C680CD3C6E}.Debug|x64.Build.0 = Debug|x64
		{0537A33C-38B3-44B2-B74C-83C680CD3C6E}.Debug|x86.ActiveCfg = Debug|Win32
		{0537A33C-38B3-44B2-B74C-83C680CD3C6E}.Debug|x86.Build.0 = Debug|Win32
		{0537A33C-38B3-44B2-B74C-83C680CD3C6E}.Release|x64.ActiveCfg = Release|x64
		{0537A33C-38B3-44B2-B74C-83C680CD3C6E}.Release|x64.Build.0 = Release|x64
		{0537A33C-38B3-44B2-B74C-83C680CD3C6E}.Release|x86.ActiveCfg = Release|Win32
		{0537A33C-38B3-44B2-B74C-83C680CD3C6E}.Release|x86.Build.0 = Release|Win32
		{6A3CE623-EB6F-4217-92A4-555D8ADE7CC3}.Debug|x64.ActiveCfg = Debug|x64
		{6A3CE623-EB6F-4217-92A4-555D8ADE7CC3}.Debug|x64.Build.0 = Debug|x64
		{6A3CE623-EB6F-4217-92A4-555D8ADE7CC3}.Debug|x86.ActiveCfg = Debug|Win32
		{6A3CE623-EB6F-4217-92A4-555D8ADE7CC3}.Debug|x86.Build.0 = Debug|Win32
		{6A3CE623-EB6F-4217-92A4-555D8ADE7CC3}.Release|x64.ActiveCfg = Release|x64
		{6A3CE623-EB6F-4217-92A4-555D8ADE7CC3}.Release|x64.Build.0 = Release|x64
		{6A3CE623-EB6F-4217-92A4-555D8ADE7CC3}.Release|x86.ActiveCfg = Release|Win32
		{6A3CE623-EB6F-4217-92A4-555D8ADE7CC3}.Release|x86.Build.0 = Release|Win32
		{C5305F9D-C20B-419B-BA96-BC74D2FF1B6E}.Debug|x64.ActiveCfg = Debug|x64
		{C5305F9D-C20B-419B-BA96-BC74D2FF1B6E}.Debug|x64.Build.0 = Debug|x64
		{C5305F9D-C20B-419B-BA96-BC74D2FF1B6E}.Debug|x86.ActiveCfg = Debug|Win32
		{C5305F9D-C20B-419B-BA96-BC74D2FF1B6E}.Debug|x86.Build.0 = Debug|Win32
		{C5305F9D-C20B-419B-BA96-BC74D2FF1B6E}.Release|x64.ActiveCfg = Release|x64
		{C5305F9D-C20B-419B-BA96-BC74D2FF1B6E}.Release|x64.Build.0 = Release|x64
		{C5305F9D-C20B-419B-BA96-BC74D2FF1B6E}.Release|x86.ActiveCfg = Release|Win32
		{C5305F9D-C20B-419B-BA96-BC74D2FF1B6E}.Release|x86.Build.0 = Release|Win32
	EndGlobalSection
	GlobalSection(SolutionProperties) = preSolution
		HideSolutionNode = FALSE
	EndGlobalSection
	GlobalSection(ExtensibilityGlobals) = postSolution
		SolutionGuid = {C0501E73-09DE-4BEB-86CB-0964C210F83F}
	EndGlobalSection
EndGlobal
